
Microsoft Visual Studio Solution File, Format Version 12.00
# Visual Studio Version 16
VisualStudioVersion = 16.0.30517.126
MinimumVisualStudioVersion = 10.0.40219.1
Project("{FAE04EC0-301F-11D3-BF4B-00C04F79EFBC}") = "PortraitLandscape.UWP", "PortraitLandscape.UWP\PortraitLandscape.UWP.csproj", "{718BA7A8-2007-4689-A383-7054AFED4CFC}"
EndProject
Project("{FAE04EC0-301F-11D3-BF4B-00C04F79EFBC}") = "PortraitLandscape.Android", "PortraitLandscape.Android\PortraitLandscape.Android.csproj", "{39FDE748-253A-4AC9-8D01-37B0E1865728}"
EndProject
Project("{FAE04EC0-301F-11D3-BF4B-00C04F79EFBC}") = "PortraitLandscape.iOS", "PortraitLandscape.iOS\PortraitLandscape.iOS.csproj", "{319B930D-EF40-4923-8B24-AF24A425EA20}"
EndProject
Project("{FAE04EC0-301F-11D3-BF4B-00C04F79EFBC}") = "PortraitLandscape", "PortraitLandscape\PortraitLandscape.csproj", "{6682C9FF-B2D2-40D4-A63A-692650971A35}"
EndProject
Global
	GlobalSection(SolutionConfigurationPlatforms) = preSolution
		Debug|Any CPU = Debug|Any CPU
		Debug|ARM = Debug|ARM
		Debug|iPhone = Debug|iPhone
		Debug|iPhoneSimulator = Debug|iPhoneSimulator
		Debug|x64 = Debug|x64
		Debug|x86 = Debug|x86
		Release|Any CPU = Release|Any CPU
		Release|ARM = Release|ARM
		Release|iPhone = Release|iPhone
		Release|iPhoneSimulator = Release|iPhoneSimulator
		Release|x64 = Release|x64
		Release|x86 = Release|x86
	EndGlobalSection
	GlobalSection(ProjectConfigurationPlatforms) = postSolution
		{718BA7A8-2007-4689-A383-7054AFED4CFC}.Debug|Any CPU.ActiveCfg = Debug|x86
		{718BA7A8-2007-4689-A383-7054AFED4CFC}.Debug|Any CPU.Build.0 = Debug|x86
		{718BA7A8-2007-4689-A383-7054AFED4CFC}.Debug|Any CPU.Deploy.0 = Debug|x86
		{718BA7A8-2007-4689-A383-7054AFED4CFC}.Debug|ARM.ActiveCfg = Debug|ARM
		{718BA7A8-2007-4689-A383-7054AFED4CFC}.Debug|ARM.Build.0 = Debug|ARM
		{718BA7A8-2007-4689-A383-7054AFED4CFC}.Debug|ARM.Deploy.0 = Debug|ARM
		{718BA7A8-2007-4689-A383-7054AFED4CFC}.Debug|iPhone.ActiveCfg = Debug|x86
		{718BA7A8-2007-4689-A383-7054AFED4CFC}.Debug|iPhone.Build.0 = Debug|x86
		{718BA7A8-2007-4689-A383-7054AFED4CFC}.Debug|iPhone.Deploy.0 = Debug|x86
		{718BA7A8-2007-4689-A383-7054AFED4CFC}.Debug|iPhoneSimulator.ActiveCfg = Debug|x86
		{718BA7A8-2007-4689-A383-7054AFED4CFC}.Debug|iPhoneSimulator.Build.0 = Debug|x86
		{718BA7A8-2007-4689-A383-7054AFED4CFC}.Debug|iPhoneSimulator.Deploy.0 = Debug|x86
		{718BA7A8-2007-4689-A383-7054AFED4CFC}.Debug|x64.ActiveCfg = Debug|x64
		{718BA7A8-2007-4689-A383-7054AFED4CFC}.Debug|x64.Build.0 = Debug|x64
		{718BA7A8-2007-4689-A383-7054AFED4CFC}.Debug|x64.Deploy.0 = Debug|x64
		{718BA7A8-2007-4689-A383-7054AFED4CFC}.Debug|x86.ActiveCfg = Debug|x86
		{718BA7A8-2007-4689-A383-7054AFED4CFC}.Debug|x86.Build.0 = Debug|x86
		{718BA7A8-2007-4689-A383-7054AFED4CFC}.Debug|x86.Deploy.0 = Debug|x86
		{718BA7A8-2007-4689-A383-7054AFED4CFC}.Release|Any CPU.ActiveCfg = Release|x86
		{718BA7A8-2007-4689-A383-7054AFED4CFC}.Release|Any CPU.Build.0 = Release|x86
		{718BA7A8-2007-4689-A383-7054AFED4CFC}.Release|Any CPU.Deploy.0 = Release|x86
		{718BA7A8-2007-4689-A383-7054AFED4CFC}.Release|ARM.ActiveCfg = Release|ARM
		{718BA7A8-2007-4689-A383-7054AFED4CFC}.Release|ARM.Build.0 = Release|ARM
		{718BA7A8-2007-4689-A383-7054AFED4CFC}.Release|ARM.Deploy.0 = Release|ARM
		{718BA7A8-2007-4689-A383-7054AFED4CFC}.Release|iPhone.ActiveCfg = Release|x86
		{718BA7A8-2007-4689-A383-7054AFED4CFC}.Release|iPhone.Build.0 = Release|x86
		{718BA7A8-2007-4689-A383-7054AFED4CFC}.Release|iPhone.Deploy.0 = Release|x86
		{718BA7A8-2007-4689-A383-7054AFED4CFC}.Release|iPhoneSimulator.ActiveCfg = Release|x86
		{718BA7A8-2007-4689-A383-7054AFED4CFC}.Release|iPhoneSimulator.Build.0 = Release|x86
		{718BA7A8-2007-4689-A383-7054AFED4CFC}.Release|iPhoneSimulator.Deploy.0 = Release|x86
		{718BA7A8-2007-4689-A383-7054AFED4CFC}.Release|x64.ActiveCfg = Release|x64
		{718BA7A8-2007-4689-A383-7054AFED4CFC}.Release|x64.Build.0 = Release|x64
		{718BA7A8-2007-4689-A383-7054AFED4CFC}.Release|x64.Deploy.0 = Release|x64
		{718BA7A8-2007-4689-A383-7054AFED4CFC}.Release|x86.ActiveCfg = Release|x86
		{718BA7A8-2007-4689-A383-7054AFED4CFC}.Release|x86.Build.0 = Release|x86
		{718BA7A8-2007-4689-A383-7054AFED4CFC}.Release|x86.Deploy.0 = Release|x86
		{39FDE748-253A-4AC9-8D01-37B0E1865728}.Debug|Any CPU.ActiveCfg = Debug|Any CPU
		{39FDE748-253A-4AC9-8D01-37B0E1865728}.Debug|Any CPU.Build.0 = Debug|Any CPU
		{39FDE748-253A-4AC9-8D01-37B0E1865728}.Debug|Any CPU.Deploy.0 = Debug|Any CPU
		{39FDE748-253A-4AC9-8D01-37B0E1865728}.Debug|ARM.ActiveCfg = Debug|Any CPU
		{39FDE748-253A-4AC9-8D01-37B0E1865728}.Debug|ARM.Build.0 = Debug|Any CPU
		{39FDE748-253A-4AC9-8D01-37B0E1865728}.Debug|ARM.Deploy.0 = Debug|Any CPU
		{39FDE748-253A-4AC9-8D01-37B0E1865728}.Debug|iPhone.ActiveCfg = Debug|Any CPU
		{39FDE748-253A-4AC9-8D01-37B0E1865728}.Debug|iPhone.Build.0 = Debug|Any CPU
		{39FDE748-253A-4AC9-8D01-37B0E1865728}.Debug|iPhone.Deploy.0 = Debug|Any CPU
		{39FDE748-253A-4AC9-8D01-37B0E1865728}.Debug|iPhoneSimulator.ActiveCfg = Debug|Any CPU
		{39FDE748-253A-4AC9-8D01-37B0E1865728}.Debug|iPhoneSimulator.Build.0 = Debug|Any CPU
		{39FDE748-253A-4AC9-8D01-37B0E1865728}.Debug|iPhoneSimulator.Deploy.0 = Debug|Any CPU
		{39FDE748-253A-4AC9-8D01-37B0E1865728}.Debug|x64.ActiveCfg = Debug|Any CPU
		{39FDE748-253A-4AC9-8D01-37B0E1865728}.Debug|x64.Build.0 = Debug|Any CPU
		{39FDE748-253A-4AC9-8D01-37B0E1865728}.Debug|x64.Deploy.0 = Debug|Any CPU
		{39FDE748-253A-4AC9-8D01-37B0E1865728}.Debug|x86.ActiveCfg = Debug|Any CPU
		{39FDE748-253A-4AC9-8D01-37B0E1865728}.Debug|x86.Build.0 = Debug|Any CPU
		{39FDE748-253A-4AC9-8D01-37B0E1865728}.Debug|x86.Deploy.0 = Debug|Any CPU
		{39FDE748-253A-4AC9-8D01-37B0E1865728}.Release|Any CPU.ActiveCfg = Release|Any CPU
		{39FDE748-253A-4AC9-8D01-37B0E1865728}.Release|Any CPU.Build.0 = Release|Any CPU
		{39FDE748-253A-4AC9-8D01-37B0E1865728}.Release|Any CPU.Deploy.0 = Release|Any CPU
		{39FDE748-253A-4AC9-8D01-37B0E1865728}.Release|ARM.ActiveCfg = Release|Any CPU
		{39FDE748-253A-4AC9-8D01-37B0E1865728}.Release|ARM.Build.0 = Release|Any CPU
		{39FDE748-253A-4AC9-8D01-37B0E1865728}.Release|ARM.Deploy.0 = Release|Any CPU
		{39FDE748-253A-4AC9-8D01-37B0E1865728}.Release|iPhone.ActiveCfg = Release|Any CPU
		{39FDE748-253A-4AC9-8D01-37B0E1865728}.Release|iPhone.Build.0 = Release|Any CPU
		{39FDE748-253A-4AC9-8D01-37B0E1865728}.Release|iPhone.Deploy.0 = Release|Any CPU
		{39FDE748-253A-4AC9-8D01-37B0E1865728}.Release|iPhoneSimulator.ActiveCfg = Release|Any CPU
		{39FDE748-253A-4AC9-8D01-37B0E1865728}.Release|iPhoneSimulator.Build.0 = Release|Any CPU
		{39FDE748-253A-4AC9-8D01-37B0E1865728}.Release|iPhoneSimulator.Deploy.0 = Release|Any CPU
		{39FDE748-253A-4AC9-8D01-37B0E1865728}.Release|x64.ActiveCfg = Release|Any CPU
		{39FDE748-253A-4AC9-8D01-37B0E1865728}.Release|x64.Build.0 = Release|Any CPU
		{39FDE748-253A-4AC9-8D01-37B0E1865728}.Release|x64.Deploy.0 = Release|Any CPU
		{39FDE748-253A-4AC9-8D01-37B0E1865728}.Release|x86.ActiveCfg = Release|Any CPU
		{39FDE748-253A-4AC9-8D01-37B0E1865728}.Release|x86.Build.0 = Release|Any CPU
		{39FDE748-253A-4AC9-8D01-37B0E1865728}.Release|x86.Deploy.0 = Release|Any CPU
		{319B930D-EF40-4923-8B24-AF24A425EA20}.Debug|Any CPU.ActiveCfg = Debug|iPhoneSimulator
		{319B930D-EF40-4923-8B24-AF24A425EA20}.Debug|Any CPU.Build.0 = Debug|iPhoneSimulator
		{319B930D-EF40-4923-8B24-AF24A425EA20}.Debug|Any CPU.Deploy.0 = Debug|iPhoneSimulator
		{319B930D-EF40-4923-8B24-AF24A425EA20}.Debug|ARM.ActiveCfg = Debug|iPhone
		{319B930D-EF40-4923-8B24-AF24A425EA20}.Debug|ARM.Build.0 = Debug|iPhone
		{319B930D-EF40-4923-8B24-AF24A425EA20}.Debug|ARM.Deploy.0 = Debug|iPhone
		{319B930D-EF40-4923-8B24-AF24A425EA20}.Debug|iPhone.ActiveCfg = Debug|iPhone
		{319B930D-EF40-4923-8B24-AF24A425EA20}.Debug|iPhone.Build.0 = Debug|iPhone
		{319B930D-EF40-4923-8B24-AF24A425EA20}.Debug|iPhone.Deploy.0 = Debug|iPhone
		{319B930D-EF40-4923-8B24-AF24A425EA20}.Debug|iPhoneSimulator.ActiveCfg = Debug|iPhoneSimulator
		{319B930D-EF40-4923-8B24-AF24A425EA20}.Debug|iPhoneSimulator.Build.0 = Debug|iPhoneSimulator
		{319B930D-EF40-4923-8B24-AF24A425EA20}.Debug|iPhoneSimulator.Deploy.0 = Debug|iPhoneSimulator
		{319B930D-EF40-4923-8B24-AF24A425EA20}.Debug|x64.ActiveCfg = Debug|iPhoneSimulator
		{319B930D-EF40-4923-8B24-AF24A425EA20}.Debug|x64.Build.0 = Debug|iPhoneSimulator
		{319B930D-EF40-4923-8B24-AF24A425EA20}.Debug|x64.Deploy.0 = Debug|iPhoneSimulator
		{319B930D-EF40-4923-8B24-AF24A425EA20}.Debug|x86.ActiveCfg = Debug|iPhoneSimulator
		{319B930D-EF40-4923-8B24-AF24A425EA20}.Debug|x86.Build.0 = Debug|iPhoneSimulator
		{319B930D-EF40-4923-8B24-AF24A425EA20}.Debug|x86.Deploy.0 = Debug|iPhoneSimulator
		{319B930D-EF40-4923-8B24-AF24A425EA20}.Release|Any CPU.ActiveCfg = Release|iPhoneSimulator
		{319B930D-EF40-4923-8B24-AF24A425EA20}.Release|Any CPU.Build.0 = Release|iPhoneSimulator
		{319B930D-EF40-4923-8B24-AF24A425EA20}.Release|Any CPU.Deploy.0 = Release|iPhoneSimulator
		{319B930D-EF40-4923-8B24-AF24A425EA20}.Release|ARM.ActiveCfg = Release|iPhoneSimulator
		{319B930D-EF40-4923-8B24-AF24A425EA20}.Release|ARM.Build.0 = Release|iPhoneSimulator
		{319B930D-EF40-4923-8B24-AF24A425EA20}.Release|ARM.Deploy.0 = Release|iPhoneSimulator
		{319B930D-EF40-4923-8B24-AF24A425EA20}.Release|iPhone.ActiveCfg = Release|iPhone
		{319B930D-EF40-4923-8B24-AF24A425EA20}.Release|iPhone.Build.0 = Release|iPhone
		{319B930D-EF40-4923-8B24-AF24A425EA20}.Release|iPhone.Deploy.0 = Release|iPhone
		{319B930D-EF40-4923-8B24-AF24A425EA20}.Release|iPhoneSimulator.ActiveCfg = Release|iPhoneSimulator
		{319B930D-EF40-4923-8B24-AF24A425EA20}.Release|iPhoneSimulator.Build.0 = Release|iPhoneSimulator
		{319B930D-EF40-4923-8B24-AF24A425EA20}.Release|iPhoneSimulator.Deploy.0 = Release|iPhoneSimulator
		{319B930D-EF40-4923-8B24-AF24A425EA20}.Release|x64.ActiveCfg = Release|iPhoneSimulator
		{319B930D-EF40-4923-8B24-AF24A425EA20}.Release|x64.Build.0 = Release|iPhoneSimulator
		{319B930D-EF40-4923-8B24-AF24A425EA20}.Release|x64.Deploy.0 = Release|iPhoneSimulator
		{319B930D-EF40-4923-8B24-AF24A425EA20}.Release|x86.ActiveCfg = Release|iPhoneSimulator
		{319B930D-EF40-4923-8B24-AF24A425EA20}.Release|x86.Build.0 = Release|iPhoneSimulator
		{319B930D-EF40-4923-8B24-AF24A425EA20}.Release|x86.Deploy.0 = Release|iPhoneSimulator
		{6682C9FF-B2D2-40D4-A63A-692650971A35}.Debug|Any CPU.ActiveCfg = Debug|Any CPU
		{6682C9FF-B2D2-40D4-A63A-692650971A35}.Debug|Any CPU.Build.0 = Debug|Any CPU
		{6682C9FF-B2D2-40D4-A63A-692650971A35}.Debug|Any CPU.Deploy.0 = Debug|Any CPU
		{6682C9FF-B2D2-40D4-A63A-692650971A35}.Debug|ARM.ActiveCfg = Debug|Any CPU
		{6682C9FF-B2D2-40D4-A63A-692650971A35}.Debug|ARM.Build.0 = Debug|Any CPU
		{6682C9FF-B2D2-40D4-A63A-692650971A35}.Debug|ARM.Deploy.0 = Debug|Any CPU
		{6682C9FF-B2D2-40D4-A63A-692650971A35}.Debug|iPhone.ActiveCfg = Debug|Any CPU
		{6682C9FF-B2D2-40D4-A63A-692650971A35}.Debug|iPhone.Build.0 = Debug|Any CPU
		{6682C9FF-B2D2-40D4-A63A-692650971A35}.Debug|iPhone.Deploy.0 = Debug|Any CPU
		{6682C9FF-B2D2-40D4-A63A-692650971A35}.Debug|iPhoneSimulator.ActiveCfg = Debug|Any CPU
		{6682C9FF-B2D2-40D4-A63A-692650971A35}.Debug|iPhoneSimulator.Build.0 = Debug|Any CPU
		{6682C9FF-B2D2-40D4-A63A-692650971A35}.Debug|iPhoneSimulator.Deploy.0 = Debug|Any CPU
		{6682C9FF-B2D2-40D4-A63A-692650971A35}.Debug|x64.ActiveCfg = Debug|Any CPU
		{6682C9FF-B2D2-40D4-A63A-692650971A35}.Debug|x64.Build.0 = Debug|Any CPU
		{6682C9FF-B2D2-40D4-A63A-692650971A35}.Debug|x64.Deploy.0 = Debug|Any CPU
		{6682C9FF-B2D2-40D4-A63A-692650971A35}.Debug|x86.ActiveCfg = Debug|Any CPU
		{6682C9FF-B2D2-40D4-A63A-692650971A35}.Debug|x86.Build.0 = Debug|Any CPU
		{6682C9FF-B2D2-40D4-A63A-692650971A35}.Debug|x86.Deploy.0 = Debug|Any CPU
		{6682C9FF-B2D2-40D4-A63A-692650971A35}.Release|Any CPU.ActiveCfg = Release|Any CPU
		{6682C9FF-B2D2-40D4-A63A-692650971A35}.Release|Any CPU.Build.0 = Release|Any CPU
		{6682C9FF-B2D2-40D4-A63A-692650971A35}.Release|Any CPU.Deploy.0 = Release|Any CPU
		{6682C9FF-B2D2-40D4-A63A-692650971A35}.Release|ARM.ActiveCfg = Release|Any CPU
		{6682C9FF-B2D2-40D4-A63A-692650971A35}.Release|ARM.Build.0 = Release|Any CPU
		{6682C9FF-B2D2-40D4-A63A-692650971A35}.Release|ARM.Deploy.0 = Release|Any CPU
		{6682C9FF-B2D2-40D4-A63A-692650971A35}.Release|iPhone.ActiveCfg = Release|Any CPU
		{6682C9FF-B2D2-40D4-A63A-692650971A35}.Release|iPhone.Build.0 = Release|Any CPU
		{6682C9FF-B2D2-40D4-A63A-692650971A35}.Release|iPhone.Deploy.0 = Release|Any CPU
		{6682C9FF-B2D2-40D4-A63A-692650971A35}.Release|iPhoneSimulator.ActiveCfg = Release|Any CPU
		{6682C9FF-B2D2-40D4-A63A-692650971A35}.Release|iPhoneSimulator.Build.0 = Release|Any CPU
		{6682C9FF-B2D2-40D4-A63A-692650971A35}.Release|iPhoneSimulator.Deploy.0 = Release|Any CPU
		{6682C9FF-B2D2-40D4-A63A-692650971A35}.Release|x64.ActiveCfg = Release|Any CPU
		{6682C9FF-B2D2-40D4-A63A-692650971A35}.Release|x64.Build.0 = Release|Any CPU
		{6682C9FF-B2D2-40D4-A63A-692650971A35}.Release|x64.Deploy.0 = Release|Any CPU
		{6682C9FF-B2D2-40D4-A63A-692650971A35}.Release|x86.ActiveCfg = Release|Any CPU
		{6682C9FF-B2D2-40D4-A63A-692650971A35}.Release|x86.Build.0 = Release|Any CPU
		{6682C9FF-B2D2-40D4-A63A-692650971A35}.Release|x86.Deploy.0 = Release|Any CPU
	EndGlobalSection
	GlobalSection(SolutionProperties) = preSolution
		HideSolutionNode = FALSE
	EndGlobalSection
	GlobalSection(ExtensibilityGlobals) = postSolution
		SolutionGuid = {F6044A98-1421-4145-8FBA-08C8A08DE5E6}
	EndGlobalSection
EndGlobal
